Microsoft Visual Studio Solution File, Format Version 12.00
# Visual Studio Version 17
VisualStudioVersion = 17.0.31903.59
MinimumVisualStudioVersion = 10.0.40219.1
Project("{FAE04EC0-301F-11D3-BF4B-00C04F79EFBC}") = "IsoDoom", "IsoDoom.csproj", "{DE1A65DE-9A8A-4B17-A626-18E7A9A6A738}"
EndProject
Project("{FAE04EC0-301F-11D3-BF4B-00C04F79EFBC}") = "IsoDoom.Wad", "src\Wad\IsoDoom.Wad.csproj", "{DD86114D-EEC8-442F-B847-7A3BD22751D2}"
EndProject
Project("{FAE04EC0-301F-11D3-BF4B-00C04F79EFBC}") = "IsoDoom.Map", "src\Map\IsoDoom.Map.csproj", "{B3B50013-FCC2-43A1-A86E-AFF9D2CA5D6F}"
EndProject
Project("{FAE04EC0-301F-11D3-BF4B-00C04F79EFBC}") = "IsoDoom.Sim", "src\Sim\IsoDoom.Sim.csproj", "{E51E42E5-E4D8-4B95-8BEA-85042F7CFAFE}"
EndProject
Global
	GlobalSection(SolutionConfigurationPlatforms) = preSolution
		Debug|Any CPU = Debug|Any CPU
		ExportDebug|Any CPU = ExportDebug|Any CPU
		ExportRelease|Any CPU = ExportRelease|Any CPU
	EndGlobalSection
	GlobalSection(ProjectConfigurationPlatforms) = postSolution
		{DE1A65DE-9A8A-4B17-A626-18E7A9A6A738}.Debug|Any CPU.ActiveCfg = Debug|Any CPU
		{DE1A65DE-9A8A-4B17-A626-18E7A9A6A738}.Debug|Any CPU.Build.0 = Debug|Any CPU
		{DE1A65DE-9A8A-4B17-A626-18E7A9A6A738}.ExportDebug|Any CPU.ActiveCfg = ExportDebug|Any CPU
		{DE1A65DE-9A8A-4B17-A626-18E7A9A6A738}.ExportDebug|Any CPU.Build.0 = ExportDebug|Any CPU
		{DE1A65DE-9A8A-4B17-A626-18E7A9A6A738}.ExportRelease|Any CPU.ActiveCfg = ExportRelease|Any CPU
		{DE1A65DE-9A8A-4B17-A626-18E7A9A6A738}.ExportRelease|Any CPU.Build.0 = ExportRelease|Any CPU
		{DD86114D-EEC8-442F-B847-7A3BD22751D2}.Debug|Any CPU.ActiveCfg = Debug|Any CPU
		{DD86114D-EEC8-442F-B847-7A3BD22751D2}.Debug|Any CPU.Build.0 = Debug|Any CPU
		{DD86114D-EEC8-442F-B847-7A3BD22751D2}.ExportDebug|Any CPU.ActiveCfg = Debug|Any CPU
		{DD86114D-EEC8-442F-B847-7A3BD22751D2}.ExportDebug|Any CPU.Build.0 = Debug|Any CPU
		{DD86114D-EEC8-442F-B847-7A3BD22751D2}.ExportRelease|Any CPU.ActiveCfg = Release|Any CPU
		{DD86114D-EEC8-442F-B847-7A3BD22751D2}.ExportRelease|Any CPU.Build.0 = Release|Any CPU
		{B3B50013-FCC2-43A1-A86E-AFF9D2CA5D6F}.Debug|Any CPU.ActiveCfg = Debug|Any CPU
		{B3B50013-FCC2-43A1-A86E-AFF9D2CA5D6F}.Debug|Any CPU.Build.0 = Debug|Any CPU
		{B3B50013-FCC2-43A1-A86E-AFF9D2CA5D6F}.ExportDebug|Any CPU.ActiveCfg = Debug|Any CPU
		{B3B50013-FCC2-43A1-A86E-AFF9D2CA5D6F}.ExportDebug|Any CPU.Build.0 = Debug|Any CPU
		{B3B50013-FCC2-43A1-A86E-AFF9D2CA5D6F}.ExportRelease|Any CPU.ActiveCfg = Release|Any CPU
		{B3B50013-FCC2-43A1-A86E-AFF9D2CA5D6F}.ExportRelease|Any CPU.Build.0 = Release|Any CPU
		{E51E42E5-E4D8-4B95-8BEA-85042F7CFAFE}.Debug|Any CPU.ActiveCfg = Debug|Any CPU
		{E51E42E5-E4D8-4B95-8BEA-85042F7CFAFE}.Debug|Any CPU.Build.0 = Debug|Any CPU
		{E51E42E5-E4D8-4B95-8BEA-85042F7CFAFE}.ExportDebug|Any CPU.ActiveCfg = Debug|Any CPU
		{E51E42E5-E4D8-4B95-8BEA-85042F7CFAFE}.ExportDebug|Any CPU.Build.0 = Debug|Any CPU
		{E51E42E5-E4D8-4B95-8BEA-85042F7CFAFE}.ExportRelease|Any CPU.ActiveCfg = Release|Any CPU
		{E51E42E5-E4D8-4B95-8BEA-85042F7CFAFE}.ExportRelease|Any CPU.Build.0 = Release|Any CPU
	EndGlobalSection
EndGlobal
